
Microsoft Visual Studio Solution File, Format Version 12.00
# Visual Studio Version 17
VisualStudioVersion = 17.4.33103.184
MinimumVisualStudioVersion = 10.0.40219.1
Project("{FAE04EC0-301F-11D3-BF4B-00C04F79EFBC}") = "Restaurant Manager", "Restaurant Manager\Restaurant Manager.csproj", "{C2CC9743-8B8F-4D4B-B387-EFBE3D5D4519}"
EndProject
Project("{FAE04EC0-301F-11D3-BF4B-00C04F79EFBC}") = "Data layer", "Data layer\Data layer.csproj", "{AFFCE59E-EBA2-4EF0-8425-A6D809F242D0}"
EndProject
Project("{FAE04EC0-301F-11D3-BF4B-00C04F79EFBC}") = "Business layer", "Business layer\Business layer.csproj", "{E8D509DA-63AA-46B5-B5F5-D207EBDDEBE5}"
EndProject
Project("{FAE04EC0-301F-11D3-BF4B-00C04F79EFBC}") = "Entities", "Entities\Entities.csproj", "{905B2278-D5E2-400C-B119-92E37ECEC97C}"
EndProject
Global
	GlobalSection(SolutionConfigurationPlatforms) = preSolution
		Debug|Any CPU = Debug|Any CPU
		Release|Any CPU = Release|Any CPU
	EndGlobalSection
	GlobalSection(ProjectConfigurationPlatforms) = postSolution
		{C2CC9743-8B8F-4D4B-B387-EFBE3D5D4519}.Debug|Any CPU.ActiveCfg = Debug|Any CPU
		{C2CC9743-8B8F-4D4B-B387-EFBE3D5D4519}.Debug|Any CPU.Build.0 = Debug|Any CPU
		{C2CC9743-8B8F-4D4B-B387-EFBE3D5D4519}.Release|Any CPU.ActiveCfg = Release|Any CPU
		{C2CC9743-8B8F-4D4B-B387-EFBE3D5D4519}.Release|Any CPU.Build.0 = Release|Any CPU
		{AFFCE59E-EBA2-4EF0-8425-A6D809F242D0}.Debug|Any CPU.ActiveCfg = Debug|Any CPU
		{AFFCE59E-EBA2-4EF0-8425-A6D809F242D0}.Debug|Any CPU.Build.0 = Debug|Any CPU
		{AFFCE59E-EBA2-4EF0-8425-A6D809F242D0}.Release|Any CPU.ActiveCfg = Release|Any CPU
		{AFFCE59E-EBA2-4EF0-8425-A6D809F242D0}.Release|Any CPU.Build.0 = Release|Any CPU
		{E8D509DA-63AA-46B5-B5F5-D207EBDDEBE5}.Debug|Any CPU.ActiveCfg = Debug|Any CPU
		{E8D509DA-63AA-46B5-B5F5-D207EBDDEBE5}.Debug|Any CPU.Build.0 = Debug|Any CPU
		{E8D509DA-63AA-46B5-B5F5-D207EBDDEBE5}.Release|Any CPU.ActiveCfg = Release|Any CPU
		{E8D509DA-63AA-46B5-B5F5-D207EBDDEBE5}.Release|Any CPU.Build.0 = Release|Any CPU
		{905B2278-D5E2-400C-B119-92E37ECEC97C}.Debug|Any CPU.ActiveCfg = Debug|Any CPU
		{905B2278-D5E2-400C-B119-92E37ECEC97C}.Debug|Any CPU.Build.0 = Debug|Any CPU
		{905B2278-D5E2-400C-B119-92E37ECEC97C}.Release|Any CPU.ActiveCfg = Release|Any CPU
		{905B2278-D5E2-400C-B119-92E37ECEC97C}.Release|Any CPU.Build.0 = Release|Any CPU
	EndGlobalSection
	GlobalSection(SolutionProperties) = preSolution
		HideSolutionNode = FALSE
	EndGlobalSection
	GlobalSection(ExtensibilityGlobals) = postSolution
		SolutionGuid = {1B212BFD-0D91-4072-9767-EA208799EC17}
	EndGlobalSection
EndGlobal
